
Microsoft Visual Studio Solution File, Format Version 12.00
# Visual Studio Version 17
VisualStudioVersion = 17.10.35013.160
MinimumVisualStudioVersion = 10.0.40219.1
Project("{FAE04EC0-301F-11D3-BF4B-00C04F79EFBC}") = "JustinaBack.Models", "JustinaBack.Models\JustinaBack.Models.csproj", "{D5740C8E-FB21-4382-A3A5-53AA17BDC91F}"
EndProject
Project("{FAE04EC0-301F-11D3-BF4B-00C04F79EFBC}") = "JustinaBack.DAL", "JustinaBack.DAL\JustinaBack.DAL.csproj", "{D87A5BE9-42C2-4FEC-AD03-DBEC297B7E23}"
EndProject
Project("{FAE04EC0-301F-11D3-BF4B-00C04F79EFBC}") = "JustinaBack.BLL", "JustinaBack.BLL\JustinaBack.BLL.csproj", "{3A198ED0-4460-44A6-9FEE-6E493C9CF1A5}"
EndProject
Project("{FAE04EC0-301F-11D3-BF4B-00C04F79EFBC}") = "JustinaBack.API", "JustinaBack.API\JustinaBack.API.csproj", "{B14CCA50-F5CF-4F82-92AB-653874D51B2C}"
EndProject
Global
	GlobalSection(SolutionConfigurationPlatforms) = preSolution
		Debug|Any CPU = Debug|Any CPU
		Release|Any CPU = Release|Any CPU
	EndGlobalSection
	GlobalSection(ProjectConfigurationPlatforms) = postSolution
		{D5740C8E-FB21-4382-A3A5-53AA17BDC91F}.Debug|Any CPU.ActiveCfg = Debug|Any CPU
		{D5740C8E-FB21-4382-A3A5-53AA17BDC91F}.Debug|Any CPU.Build.0 = Debug|Any CPU
		{D5740C8E-FB21-4382-A3A5-53AA17BDC91F}.Release|Any CPU.ActiveCfg = Release|Any CPU
		{D5740C8E-FB21-4382-A3A5-53AA17BDC91F}.Release|Any CPU.Build.0 = Release|Any CPU
		{D87A5BE9-42C2-4FEC-AD03-DBEC297B7E23}.Debug|Any CPU.ActiveCfg = Debug|Any CPU
		{D87A5BE9-42C2-4FEC-AD03-DBEC297B7E23}.Debug|Any CPU.Build.0 = Debug|Any CPU
		{D87A5BE9-42C2-4FEC-AD03-DBEC297B7E23}.Release|Any CPU.ActiveCfg = Release|Any CPU
		{D87A5BE9-42C2-4FEC-AD03-DBEC297B7E23}.Release|Any CPU.Build.0 = Release|Any CPU
		{3A198ED0-4460-44A6-9FEE-6E493C9CF1A5}.Debug|Any CPU.ActiveCfg = Debug|Any CPU
		{3A198ED0-4460-44A6-9FEE-6E493C9CF1A5}.Debug|Any CPU.Build.0 = Debug|Any CPU
		{3A198ED0-4460-44A6-9FEE-6E493C9CF1A5}.Release|Any CPU.ActiveCfg = Release|Any CPU
		{3A198ED0-4460-44A6-9FEE-6E493C9CF1A5}.Release|Any CPU.Build.0 = Release|Any CPU
		{B14CCA50-F5CF-4F82-92AB-653874D51B2C}.Debug|Any CPU.ActiveCfg = Debug|Any CPU
		{B14CCA50-F5CF-4F82-92AB-653874D51B2C}.Debug|Any CPU.Build.0 = Debug|Any CPU
		{B14CCA50-F5CF-4F82-92AB-653874D51B2C}.Release|Any CPU.ActiveCfg = Release|Any CPU
		{B14CCA50-F5CF-4F82-92AB-653874D51B2C}.Release|Any CPU.Build.0 = Release|Any CPU
	EndGlobalSection
	GlobalSection(SolutionProperties) = preSolution
		HideSolutionNode = FALSE
	EndGlobalSection
	GlobalSection(ExtensibilityGlobals) = postSolution
		SolutionGuid = {3D5AE08E-BEBB-4D70-9434-09DB874C2B1A}
	EndGlobalSection
EndGlobal
